
Microsoft Visual Studio Solution File, Format Version 12.00
# Visual Studio Express 15 for Windows Desktop
VisualStudioVersion = 15.0.28307.852
MinimumVisualStudioVersion = 10.0.40219.1
Project("{FAE04EC0-301F-11D3-BF4B-00C04F79EFBC}") = "Sputnik", "Sputnik\Sputnik.csproj", "{96908A7B-AFB3-4E08-ABFD-C627DFA2C313}"
EndProject
Global
	GlobalSection(SolutionConfigurationPlatforms) = preSolution
		Debug|Any CPU = Debug|Any CPU
		Release|Any CPU = Release|Any CPU
	EndGlobalSection
	GlobalSection(ProjectConfigurationPlatforms) = postSolution
		{96908A7B-AFB3-4E08-ABFD-C627DFA2C313}.Debug|Any CPU.ActiveCfg = Debug|Any CPU
		{96908A7B-AFB3-4E08-ABFD-C627DFA2C313}.Debug|Any CPU.Build.0 = Debug|Any CPU
		{96908A7B-AFB3-4E08-ABFD-C627DFA2C313}.Release|Any CPU.ActiveCfg = Release|Any CPU
		{96908A7B-AFB3-4E08-ABFD-C627DFA2C313}.Release|Any CPU.Build.0 = Release|Any CPU
	EndGlobalSection
	GlobalSection(SolutionProperties) = preSolution
		HideSolutionNode = FALSE
	EndGlobalSection
	GlobalSection(ExtensibilityGlobals) = postSolution
		SolutionGuid = {CB94BEC3-5E75-4C57-B993-541FF3180390}
	EndGlobalSection
EndGlobal
